PODS:
  - Factory (2.2.0)
  - SwiftGen (6.6.2)

DEPENDENCIES:
  - Factory
  - SwiftGen (~> 6.0)

SPEC REPOS:
  trunk:
    - Factory
    - SwiftGen

SPEC CHECKSUMS:
  Factory: ec9527abfa59ddf2a1b024914b1e380f616f9e03
  SwiftGen: 1366a7f71aeef49954ca5a63ba4bef6b0f24138c

PODFILE CHECKSUM: 5b29e9483b8f33cc5768b1d417387a533d35efad

COCOAPODS: 1.12.1
